
Microsoft Visual Studio Solution File, Format Version 12.00
# Visual Studio 15
VisualStudioVersion = 15.0.28307.329
MinimumVisualStudioVersion = 10.0.40219.1
Project("{FAE04EC0-301F-11D3-BF4B-00C04F79EFBC}") = "AzureSecuredAPI", "AzureSecuredAPI\AzureSecuredAPI.csproj", "{0360FB53-3B85-4B39-A74C-A94D1A6B1A50}"
EndProject
Global
	GlobalSection(SolutionConfigurationPlatforms) = preSolution
		Debug|Any CPU = Debug|Any CPU
		Release|Any CPU = Release|Any CPU
	EndGlobalSection
	GlobalSection(ProjectConfigurationPlatforms) = postSolution
		{0360FB53-3B85-4B39-A74C-A94D1A6B1A50}.Debug|Any CPU.ActiveCfg = Debug|Any CPU
		{0360FB53-3B85-4B39-A74C-A94D1A6B1A50}.Debug|Any CPU.Build.0 = Debug|Any CPU
		{0360FB53-3B85-4B39-A74C-A94D1A6B1A50}.Release|Any CPU.ActiveCfg = Release|Any CPU
		{0360FB53-3B85-4B39-A74C-A94D1A6B1A50}.Release|Any CPU.Build.0 = Release|Any CPU
	EndGlobalSection
	GlobalSection(SolutionProperties) = preSolution
		HideSolutionNode = FALSE
	EndGlobalSection
	GlobalSection(ExtensibilityGlobals) = postSolution
		SolutionGuid = {27A04DBC-05C6-4E2C-A6D6-B367AD750045}
	EndGlobalSection
EndGlobal
